// !$*UTF8*$!
{
	archiveVersion = 1;
	classes = {
	};
	objectVersion = 56;
	objects = {

/* Begin PBXBuildFile section */
		CA911C6C2ABEF0F200392068 /* LandmarksApp.swift in Sources */ = {isa = PBXBuildFile; fileRef = CA911C6B2ABEF0F200392068 /* LandmarksApp.swift */; };
		CA911C6E2ABEF0F200392068 /* ContentView.swift in Sources */ = {isa = PBXBuildFile; fileRef = CA911C6D2ABEF0F200392068 /* ContentView.swift */; };
		CA911C702ABEF0F400392068 /* Assets.xcassets in Resources */ = {isa = PBXBuildFile; fileRef = CA911C6F2ABEF0F400392068 /* Assets.xcassets */; };
		CA911C732ABEF0F400392068 /* Preview Assets.xcassets in Resources */ = {isa = PBXBuildFile; fileRef = CA911C722ABEF0F400392068 /* Preview Assets.xcassets */; };
		CA911C7D2ABEF0F400392068 /* LandmarksTests.swift in Sources */ = {isa = PBXBuildFile; fileRef = CA911C7C2ABEF0F400392068 /* LandmarksTests.swift */; };
		CA911C872ABEF0F400392068 /* LandmarksUITests.swift in Sources */ = {isa = PBXBuildFile; fileRef = CA911C862ABEF0F400392068 /* LandmarksUITests.swift */; };
		CA911C892ABEF0F400392068 /* LandmarksUITestsLaunchTests.swift in Sources */ = {isa = PBXBuildFile; fileRef = CA911C882ABEF0F400392068 /* LandmarksUITestsLaunchTests.swift */; };
		CADA2E032ABEF882003394BE /* CircleImage.swift in Sources */ = {isa = PBXBuildFile; fileRef = CADA2E022ABEF882003394BE /* CircleImage.swift */; };
		CADA2E052ABF0565003394BE /* MapView.swift in Sources */ = {isa = PBXBuildFile; fileRef = CADA2E042ABF0565003394BE /* MapView.swift */; };
		CADA2E082ABF0CB4003394BE /* landmarkData.json in Resources */ = {isa = PBXBuildFile; fileRef = CADA2E072ABF0CB4003394BE /* landmarkData.json */; };
		CADA2E0A2ABF0D0E003394BE /* Landmark.swift in Sources */ = {isa = PBXBuildFile; fileRef = CADA2E092ABF0D0E003394BE /* Landmark.swift */; };
		CADA2E222ABF0F11003394BE /* ModelData.swift in Sources */ = {isa = PBXBuildFile; fileRef = CADA2E212ABF0F11003394BE /* ModelData.swift */; };
		CADA2E272ABF11E1003394BE /* LandmarkRow.swift in Sources */ = {isa = PBXBuildFile; fileRef = CADA2E262ABF11E1003394BE /* LandmarkRow.swift */; };
		CADA2E292AC19A83003394BE /* LandmarkList.swift in Sources */ = {isa = PBXBuildFile; fileRef = CADA2E282AC19A83003394BE /* LandmarkList.swift */; };
/* End PBXBuildFile section */

/* Begin PBXContainerItemProxy section */
		CA911C792ABEF0F400392068 /* PBXContainerItemProxy */ = {
			isa = PBXContainerItemProxy;
			containerPortal = CA911C602ABEF0F200392068 /* Project object */;
			proxyType = 1;
			remoteGlobalIDString = CA911C672ABEF0F200392068;
			remoteInfo = Landmarks;
		};
		CA911C832ABEF0F400392068 /* PBXContainerItemProxy */ = {
			isa = PBXContainerItemProxy;
			containerPortal = CA911C602ABEF0F200392068 /* Project object */;
			proxyType = 1;
			remoteGlobalIDString = CA911C672ABEF0F200392068;
			remoteInfo = Landmarks;
		};
/* End PBXContainerItemProxy section */

/* Begin PBXFileReference section */
		CA911C682ABEF0F200392068 /* Landmarks.app */ = {isa = PBXFileReference; explicitFileType = wrapper.application; includeInIndex = 0; path = Landmarks.app; sourceTree = BUILT_PRODUCTS_DIR; };
		CA911C6B2ABEF0F200392068 /* LandmarksApp.swift */ = {isa = PBXFileReference; lastKnownFileType = sourcecode.swift; path = LandmarksApp.swift; sourceTree = "<group>"; };
		CA911C6D2ABEF0F200392068 /* ContentView.swift */ = {isa = PBXFileReference; lastKnownFileType = sourcecode.swift; path = ContentView.swift; sourceTree = "<group>"; };
		CA911C6F2ABEF0F400392068 /* Assets.xcassets */ = {isa = PBXFileReference; lastKnownFileType = folder.assetcatalog; path = Assets.xcassets; sourceTree = "<group>"; };
		CA911C722ABEF0F400392068 /* Preview Assets.xcassets */ = {isa = PBXFileReference; lastKnownFileType = folder.assetcatalog; path = "Preview Assets.xcassets"; sourceTree = "<group>"; };
		CA911C782ABEF0F400392068 /* LandmarksTests.xctest */ = {isa = PBXFileReference; explicitFileType = wrapper.cfbundle; includeInIndex = 0; path = LandmarksTests.xctest; sourceTree = BUILT_PRODUCTS_DIR; };
		CA911C7C2ABEF0F400392068 /* LandmarksTests.swift */ = {isa = PBXFileReference; lastKnownFileType = sourcecode.swift; path = LandmarksTests.swift; sourceTree = "<group>"; };
		CA911C822ABEF0F400392068 /* LandmarksUITests.xctest */ = {isa = PBXFileReference; explicitFileType = wrapper.cfbundle; includeInIndex = 0; path = LandmarksUITests.xctest; sourceTree = BUILT_PRODUCTS_DIR; };
		CA911C862ABEF0F400392068 /* LandmarksUITests.swift */ = {isa = PBXFileReference; lastKnownFileType = sourcecode.swift; path = LandmarksUITests.swift; sourceTree = "<group>"; };
		CA911C882ABEF0F400392068 /* LandmarksUITestsLaunchTests.swift */ = {isa = PBXFileReference; lastKnownFileType = sourcecode.swift; path = LandmarksUITestsLaunchTests.swift; sourceTree = "<group>"; };
		CADA2E022ABEF882003394BE /* CircleImage.swift */ = {isa = PBXFileReference; lastKnownFileType = sourcecode.swift; path = CircleImage.swift; sourceTree = "<group>"; };
		CADA2E042ABF0565003394BE /* MapView.swift */ = {isa = PBXFileReference; lastKnownFileType = sourcecode.swift; path = MapView.swift; sourceTree = "<group>"; };
		CADA2E072ABF0CB4003394BE /* landmarkData.json */ = {isa = PBXFileReference; fileEncoding = 4; lastKnownFileType = text.json; path = landmarkData.json; sourceTree = "<group>"; };
		CADA2E092ABF0D0E003394BE /* Landmark.swift */ = {isa = PBXFileReference; lastKnownFileType = sourcecode.swift; path = Landmark.swift; sourceTree = "<group>"; };
		CADA2E212ABF0F11003394BE /* ModelData.swift */ = {isa = PBXFileReference; lastKnownFileType = sourcecode.swift; path = ModelData.swift; sourceTree = "<group>"; };
		CADA2E262ABF11E1003394BE /* LandmarkRow.swift */ = {isa = PBXFileReference; lastKnownFileType = sourcecode.swift; path = LandmarkRow.swift; sourceTree = "<group>"; };
		CADA2E282AC19A83003394BE /* LandmarkList.swift */ = {isa = PBXFileReference; lastKnownFileType = sourcecode.swift; path = LandmarkList.swift; sourceTree = "<group>"; };
/* End PBXFileReference section */

/* Begin PBXFrameworksBuildPhase section */
		CA911C652ABEF0F200392068 /* Frameworks */ = {
			isa = PBXFrameworksBuildPhase;
			buildActionMask = 2147483647;
			files = (
			);
			runOnlyForDeploymentPostprocessing = 0;
		};
		CA911C752ABEF0F400392068 /* Frameworks */ = {
			isa = PBXFrameworksBuildPhase;
			buildActionMask = 2147483647;
			files = (
			);
			runOnlyForDeploymentPostprocessing = 0;
		};
		CA911C7F2ABEF0F400392068 /* Frameworks */ = {
			isa = PBXFrameworksBuildPhase;
			buildActionMask = 2147483647;
			files = (
			);
			runOnlyForDeploymentPostprocessing = 0;
		};
/* End PBXFrameworksBuildPhase section */

/* Begin PBXGroup section */
		CA911C5F2ABEF0F200392068 = {
			isa = PBXGroup;
			children = (
				CA911C6A2ABEF0F200392068 /* Landmarks */,
				CA911C7B2ABEF0F400392068 /* LandmarksTests */,
				CA911C852ABEF0F400392068 /* LandmarksUITests */,
				CA911C692ABEF0F200392068 /* Products */,
			);
			sourceTree = "<group>";
		};
		CA911C692ABEF0F200392068 /* Products */ = {
			isa = PBXGroup;
			children = (
				CA911C682ABEF0F200392068 /* Landmarks.app */,
				CA911C782ABEF0F400392068 /* LandmarksTests.xctest */,
				CA911C822ABEF0F400392068 /* LandmarksUITests.xctest */,
			);
			name = Products;
			sourceTree = "<group>";
		};
		CA911C6A2ABEF0F200392068 /* Landmarks */ = {
			isa = PBXGroup;
			children = (
				CA911C6B2ABEF0F200392068 /* LandmarksApp.swift */,
				CADA2E242ABF0F88003394BE /* Views */,
				CADA2E252ABF0F94003394BE /* Model */,
				CADA2E062ABF0CA2003394BE /* Resouces */,
				CA911C6F2ABEF0F400392068 /* Assets.xcassets */,
				CA911C712ABEF0F400392068 /* Preview Content */,
			);
			path = Landmarks;
			sourceTree = "<group>";
		};
		CA911C712ABEF0F400392068 /* Preview Content */ = {
			isa = PBXGroup;
			children = (
				CA911C722ABEF0F400392068 /* Preview Assets.xcassets */,
			);
			path = "Preview Content";
			sourceTree = "<group>";
		};
		CA911C7B2ABEF0F400392068 /* LandmarksTests */ = {
			isa = PBXGroup;
			children = (
				CA911C7C2ABEF0F400392068 /* LandmarksTests.swift */,
			);
			path = LandmarksTests;
			sourceTree = "<group>";
		};
		CA911C852ABEF0F400392068 /* LandmarksUITests */ = {
			isa = PBXGroup;
			children = (
				CA911C862ABEF0F400392068 /* LandmarksUITests.swift */,
				CA911C882ABEF0F400392068 /* LandmarksUITestsLaunchTests.swift */,
			);
			path = LandmarksUITests;
			sourceTree = "<group>";
		};
		CADA2E062ABF0CA2003394BE /* Resouces */ = {
			isa = PBXGroup;
			children = (
				CADA2E072ABF0CB4003394BE /* landmarkData.json */,
			);
			path = Resouces;
			sourceTree = "<group>";
		};
		CADA2E242ABF0F88003394BE /* Views */ = {
			isa = PBXGroup;
			children = (
				CA911C6D2ABEF0F200392068 /* ContentView.swift */,
				CADA2E022ABEF882003394BE /* CircleImage.swift */,
				CADA2E042ABF0565003394BE /* MapView.swift */,
				CADA2E262ABF11E1003394BE /* LandmarkRow.swift */,
				CADA2E282AC19A83003394BE /* LandmarkList.swift */,
			);
			path = Views;
			sourceTree = "<group>";
		};
		CADA2E252ABF0F94003394BE /* Model */ = {
			isa = PBXGroup;
			children = (
				CADA2E212ABF0F11003394BE /* ModelData.swift */,
				CADA2E092ABF0D0E003394BE /* Landmark.swift */,
			);
			path = Model;
			sourceTree = "<group>";
		};
/* End PBXGroup section */

/* Begin PBXNativeTarget section */
		CA911C672ABEF0F200392068 /* Landmarks */ = {
			isa = PBXNativeTarget;
			buildConfigurationList = CA911C8C2ABEF0F400392068 /* Build configuration list for PBXNativeTarget "Landmarks" */;
			buildPhases = (
				CA911C642ABEF0F200392068 /* Sources */,
				CA911C652ABEF0F200392068 /* Frameworks */,
				CA911C662ABEF0F200392068 /* Resources */,
			);
			buildRules = (
			);
			dependencies = (
			);
			name = Landmarks;
			productName = Landmarks;
			productReference = CA911C682ABEF0F200392068 /* Landmarks.app */;
			productType = "com.apple.product-type.application";
		};
		CA911C772ABEF0F400392068 /* LandmarksTests */ = {
			isa = PBXNativeTarget;
			buildConfigurationList = CA911C8F2ABEF0F400392068 /* Build configuration list for PBXNativeTarget "LandmarksTests" */;
			buildPhases = (
				CA911C742ABEF0F400392068 /* Sources */,
				CA911C752ABEF0F400392068 /* Frameworks */,
				CA911C762ABEF0F400392068 /* Resources */,
			);
			buildRules = (
			);
			dependencies = (
				CA911C7A2ABEF0F400392068 /* PBXTargetDependency */,
			);
			name = LandmarksTests;
			productName = LandmarksTests;
			productReference = CA911C782ABEF0F400392068 /* LandmarksTests.xctest */;
			productType = "com.apple.product-type.bundle.unit-test";
		};
		CA911C812ABEF0F400392068 /* LandmarksUITests */ = {
			isa = PBXNativeTarget;
			buildConfigurationList = CA911C922ABEF0F400392068 /* Build configuration list for PBXNativeTarget "LandmarksUITests" */;
			buildPhases = (
				CA911C7E2ABEF0F400392068 /* Sources */,
				CA911C7F2ABEF0F400392068 /* Frameworks */,
				CA911C802ABEF0F400392068 /* Resources */,
			);
			buildRules = (
			);
			dependencies = (
				CA911C842ABEF0F400392068 /* PBXTargetDependency */,
			);
			name = LandmarksUITests;
			productName = LandmarksUITests;
			productReference = CA911C822ABEF0F400392068 /* LandmarksUITests.xctest */;
			productType = "com.apple.product-type.bundle.ui-testing";
		};
/* End PBXNativeTarget section */

/* Begin PBXProject section */
		CA911C602ABEF0F200392068 /* Project object */ = {
			isa = PBXProject;
			attributes = {
				BuildIndependentTargetsInParallel = 1;
				LastSwiftUpdateCheck = 1500;
				LastUpgradeCheck = 1500;
				TargetAttributes = {
					CA911C672ABEF0F200392068 = {
						CreatedOnToolsVersion = 15.0;
					};
					CA911C772ABEF0F400392068 = {
						CreatedOnToolsVersion = 15.0;
						TestTargetID = CA911C672ABEF0F200392068;
					};
					CA911C812ABEF0F400392068 = {
						CreatedOnToolsVersion = 15.0;
						TestTargetID = CA911C672ABEF0F200392068;
					};
				};
			};
			buildConfigurationList = CA911C632ABEF0F200392068 /* Build configuration list for PBXProject "Landmarks" */;
			compatibilityVersion = "Xcode 14.0";
			developmentRegion = en;
			hasScannedForEncodings = 0;
			knownRegions = (
				en,
				Base,
			);
			mainGroup = CA911C5F2ABEF0F200392068;
			productRefGroup = CA911C692ABEF0F200392068 /* Products */;
			projectDirPath = "";
			projectRoot = "";
			targets = (
				CA911C672ABEF0F200392068 /* Landmarks */,
				CA911C772ABEF0F400392068 /* LandmarksTests */,
				CA911C812ABEF0F400392068 /* LandmarksUITests */,
			);
		};
/* End PBXProject section */

/* Begin PBXResourcesBuildPhase section */
		CA911C662ABEF0F200392068 /* Resources */ = {
			isa = PBXResourcesBuildPhase;
			buildActionMask = 2147483647;
			files = (
				CA911C732ABEF0F400392068 /* Preview Assets.xcassets in Resources */,
				CA911C702ABEF0F400392068 /* Assets.xcassets in Resources */,
				CADA2E082ABF0CB4003394BE /* landmarkData.json in Resources */,
			);
			runOnlyForDeploymentPostprocessing = 0;
		};
		CA911C762ABEF0F400392068 /* Resources */ = {
			isa = PBXResourcesBuildPhase;
			buildActionMask = 2147483647;
			files = (
			);
			runOnlyForDeploymentPostprocessing = 0;
		};
		CA911C802ABEF0F400392068 /* Resources */ = {
			isa = PBXResourcesBuildPhase;
			buildActionMask = 2147483647;
			files = (
			);
			runOnlyForDeploymentPostprocessing = 0;
		};
/* End PBXResourcesBuildPhase section */

/* Begin PBXSourcesBuildPhase section */
		CA911C642ABEF0F200392068 /* Sources */ = {
			isa = PBXSourcesBuildPhase;
			buildActionMask = 2147483647;
			files = (
				CA911C6E2ABEF0F200392068 /* ContentView.swift in Sources */,
				CADA2E052ABF0565003394BE /* MapView.swift in Sources */,
				CA911C6C2ABEF0F200392068 /* LandmarksApp.swift in Sources */,
				CADA2E292AC19A83003394BE /* LandmarkList.swift in Sources */,
				CADA2E032ABEF882003394BE /* CircleImage.swift in Sources */,
				CADA2E0A2ABF0D0E003394BE /* Landmark.swift in Sources */,
				CADA2E272ABF11E1003394BE /* LandmarkRow.swift in Sources */,
				CADA2E222ABF0F11003394BE /* ModelData.swift in Sources */,
			);
			runOnlyForDeploymentPostprocessing = 0;
		};
		CA911C742ABEF0F400392068 /* Sources */ = {
			isa = PBXSourcesBuildPhase;
			buildActionMask = 2147483647;
			files = (
				CA911C7D2ABEF0F400392068 /* LandmarksTests.swift in Sources */,
			);
			runOnlyForDeploymentPostprocessing = 0;
		};
		CA911C7E2ABEF0F400392068 /* Sources */ = {
			isa = PBXSourcesBuildPhase;
			buildActionMask = 2147483647;
			files = (
				CA911C892ABEF0F400392068 /* LandmarksUITestsLaunchTests.swift in Sources */,
				CA911C872ABEF0F400392068 /* LandmarksUITests.swift in Sources */,
			);
			runOnlyForDeploymentPostprocessing = 0;
		};
/* End PBXSourcesBuildPhase section */

/* Begin PBXTargetDependency section */
		CA911C7A2ABEF0F400392068 /* PBXTargetDependency */ = {
			isa = PBXTargetDependency;
			target = CA911C672ABEF0F200392068 /* Landmarks */;
			targetProxy = CA911C792ABEF0F400392068 /* PBXContainerItemProxy */;
		};
		CA911C842ABEF0F400392068 /* PBXTargetDependency */ = {
			isa = PBXTargetDependency;
			target = CA911C672ABEF0F200392068 /* Landmarks */;
			targetProxy = CA911C832ABEF0F400392068 /* PBXContainerItemProxy */;
		};
/* End PBXTargetDependency section */

/* Begin XCBuildConfiguration section */
		CA911C8A2ABEF0F400392068 /* Debug */ = {
			isa = XCBuildConfiguration;
			buildSettings = {
				ALWAYS_SEARCH_USER_PATHS = NO;
				ASSETCATALOG_COMPILER_GENERATE_SWIFT_ASSET_SYMBOL_EXTENSIONS = YES;
				CLANG_ANALYZER_NONNULL = YES;
				CLANG_ANALYZER_NUMBER_OBJECT_CONVERSION = YES_AGGRESSIVE;
				CLANG_CXX_LANGUAGE_STANDARD = "gnu++20";
				CLANG_ENABLE_MODULES = YES;
				CLANG_ENABLE_OBJC_ARC = YES;
				CLANG_ENABLE_OBJC_WEAK = YES;
				CLANG_WARN_BLOCK_CAPTURE_AUTORELEASING = YES;
				CLANG_WARN_BOOL_CONVERSION = YES;
				CLANG_WARN_COMMA = YES;
				CLANG_WARN_CONSTANT_CONVERSION = YES;
				CLANG_WARN_DEPRECATED_OBJC_IMPLEMENTATIONS = YES;
				CLANG_WARN_DIRECT_OBJC_ISA_USAGE = YES_ERROR;
				CLANG_WARN_DOCUMENTATION_COMMENTS = YES;
				CLANG_WARN_EMPTY_BODY = YES;
				CLANG_WARN_ENUM_CONVERSION = YES;
				CLANG_WARN_INFINITE_RECURSION = YES;
				CLANG_WARN_INT_CONVERSION = YES;
				CLANG_WARN_NON_LITERAL_NULL_CONVERSION = YES;
				CLANG_WARN_OBJC_IMPLICIT_RETAIN_SELF = YES;
				CLANG_WARN_OBJC_LITERAL_CONVERSION = YES;
				CLANG_WARN_OBJC_ROOT_CLASS = YES_ERROR;
				CLANG_WARN_QUOTED_INCLUDE_IN_FRAMEWORK_HEADER = YES;
				CLANG_WARN_RANGE_LOOP_ANALYSIS = YES;
				CLANG_WARN_STRICT_PROTOTYPES = YES;
				CLANG_WARN_SUSPICIOUS_MOVE = YES;
				CLANG_WARN_UNGUARDED_AVAILABILITY = YES_AGGRESSIVE;
				CLANG_WARN_UNREACHABLE_CODE = YES;
				CLANG_WARN__DUPLICATE_METHOD_MATCH = YES;
				COPY_PHASE_STRIP = NO;
				DEBUG_INFORMATION_FORMAT = dwarf;
				ENABLE_STRICT_OBJC_MSGSEND = YES;
				ENABLE_TESTABILITY = YES;
				ENABLE_USER_SCRIPT_SANDBOXING = YES;
				GCC_C_LANGUAGE_STANDARD = gnu17;
				GCC_DYNAMIC_NO_PIC = NO;
				GCC_NO_COMMON_BLOCKS = YES;
				GCC_OPTIMIZATION_LEVEL = 0;
				GCC_PREPROCESSOR_DEFINITIONS = (
					"DEBUG=1",
					"$(inherited)",
				);
				GCC_WARN_64_TO_32_BIT_CONVERSION = YES;
				GCC_WARN_ABOUT_RETURN_TYPE = YES_ERROR;
				GCC_WARN_UNDECLARED_SELECTOR = YES;
				GCC_WARN_UNINITIALIZED_AUTOS = YES_AGGRESSIVE;
				GCC_WARN_UNUSED_FUNCTION = YES;
				GCC_WARN_UNUSED_VARIABLE = YES;
				IPHONEOS_DEPLOYMENT_TARGET = 17.0;
				LOCALIZATION_PREFERS_STRING_CATALOGS = YES;
				MTL_ENABLE_DEBUG_INFO = INCLUDE_SOURCE;
				MTL_FAST_MATH = YES;
				ONLY_ACTIVE_ARCH = YES;
				SDKROOT = iphoneos;
				SWIFT_ACTIVE_COMPILATION_CONDITIONS = "DEBUG $(inherited)";
				SWIFT_OPTIMIZATION_LEVEL = "-Onone";
			};
			name = Debug;
		};
		CA911C8B2ABEF0F400392068 /* Release */ = {
			isa = XCBuildConfiguration;
			buildSettings = {
				ALWAYS_SEARCH_USER_PATHS = NO;
				ASSETCATALOG_COMPILER_GENERATE_SWIFT_ASSET_SYMBOL_EXTENSIONS = YES;
				CLANG_ANALYZER_NONNULL = YES;
				CLANG_ANALYZER_NUMBER_OBJECT_CONVERSION = YES_AGGRESSIVE;
				CLANG_CXX_LANGUAGE_STANDARD = "gnu++20";
				CLANG_ENABLE_MODULES = YES;
				CLANG_ENABLE_OBJC_ARC = YES;
				CLANG_ENABLE_OBJC_WEAK = YES;
				CLANG_WARN_BLOCK_CAPTURE_AUTORELEASING = YES;
				CLANG_WARN_BOOL_CONVERSION = YES;
				CLANG_WARN_COMMA = YES;
				CLANG_WARN_CONSTANT_CONVERSION = YES;
				CLANG_WARN_DEPRECATED_OBJC_IMPLEMENTATIONS = YES;
				CLANG_WARN_DIRECT_OBJC_ISA_USAGE = YES_ERROR;
				CLANG_WARN_DOCUMENTATION_COMMENTS = YES;
				CLANG_WARN_EMPTY_BODY = YES;
				CLANG_WARN_ENUM_CONVERSION = YES;
				CLANG_WARN_INFINITE_RECURSION = YES;
				CLANG_WARN_INT_CONVERSION = YES;
				CLANG_WARN_NON_LITERAL_NULL_CONVERSION = YES;
				CLANG_WARN_OBJC_IMPLICIT_RETAIN_SELF = YES;
				CLANG_WARN_OBJC_LITERAL_CONVERSION = YES;
				CLANG_WARN_OBJC_ROOT_CLASS = YES_ERROR;
				CLANG_WARN_QUOTED_INCLUDE_IN_FRAMEWORK_HEADER = YES;
				CLANG_WARN_RANGE_LOOP_ANALYSIS = YES;
				CLANG_WARN_STRICT_PROTOTYPES = YES;
				CLANG_WARN_SUSPICIOUS_MOVE = YES;
				CLANG_WARN_UNGUARDED_AVAILABILITY = YES_AGGRESSIVE;
				CLANG_WARN_UNREACHABLE_CODE = YES;
				CLANG_WARN__DUPLICATE_METHOD_MATCH = YES;
				COPY_PHASE_STRIP = NO;
				DEBUG_INFORMATION_FORMAT = "dwarf-with-dsym";
				ENABLE_NS_ASSERTIONS = NO;
				ENABLE_STRICT_OBJC_MSGSEND = YES;
				ENABLE_USER_SCRIPT_SANDBOXING = YES;
				GCC_C_LANGUAGE_STANDARD = gnu17;
				GCC_NO_COMMON_BLOCKS = YES;
				GCC_WARN_64_TO_32_BIT_CONVERSION = YES;
				GCC_WARN_ABOUT_RETURN_TYPE = YES_ERROR;
				GCC_WARN_UNDECLARED_SELECTOR = YES;
				GCC_WARN_UNINITIALIZED_AUTOS = YES_AGGRESSIVE;
				GCC_WARN_UNUSED_FUNCTION = YES;
				GCC_WARN_UNUSED_VARIABLE = YES;
				IPHONEOS_DEPLOYMENT_TARGET = 17.0;
				LOCALIZATION_PREFERS_STRING_CATALOGS = YES;
				MTL_ENABLE_DEBUG_INFO = NO;
				MTL_FAST_MATH = YES;
				SDKROOT = iphoneos;
				SWIFT_COMPILATION_MODE = wholemodule;
				VALIDATE_PRODUCT = YES;
			};
			name = Release;
		};
		CA911C8D2ABEF0F400392068 /* Debug */ = {
			isa = XCBuildConfiguration;
			buildSettings = {
				ASSETCATALOG_COMPILER_APPICON_NAME = AppIcon;
				ASSETCATALOG_COMPILER_GLOBAL_ACCENT_COLOR_NAME = AccentColor;
				CODE_SIGN_STYLE = Automatic;
				CURRENT_PROJECT_VERSION = 1;
				DEVELOPMENT_ASSET_PATHS = "\"Landmarks/Preview Content\"";
				ENABLE_PREVIEWS = YES;
				GENERATE_INFOPLIST_FILE = YES;
				INFOPLIST_KEY_UIApplicationSceneManifest_Generation = YES;
				INFOPLIST_KEY_UIApplicationSupportsIndirectInputEvents = YES;
				INFOPLIST_KEY_UILaunchScreen_Generation = YES;
				INFOPLIST_KEY_UISupportedInterfaceOrientations_iPad = "UIInterfaceOrientationPortrait UIInterfaceOrientationPortraitUpsideDown UIInterfaceOrientationLandscapeLeft UIInterfaceOrientationLandscapeRight";
				INFOPLIST_KEY_UISupportedInterfaceOrientations_iPhone = "UIInterfaceOrientationPortrait UIInterfaceOrientationLandscapeLeft UIInterfaceOrientationLandscapeRight";
				LD_RUNPATH_SEARCH_PATHS = (
					"$(inherited)",
					"@executable_path/Frameworks",
				);
				MARKETING_VERSION = 1.0;
				PRODUCT_BUNDLE_IDENTIFIER = shohitomi.Landmarks;
				PRODUCT_NAME = "$(TARGET_NAME)";
				SWIFT_EMIT_LOC_STRINGS = YES;
				SWIFT_VERSION = 5.0;
				TARGETED_DEVICE_FAMILY = "1,2";
			};
			name = Debug;
		};
		CA911C8E2ABEF0F400392068 /* Release */ = {
			isa = XCBuildConfiguration;
			buildSettings = {
				ASSETCATALOG_COMPILER_APPICON_NAME = AppIcon;
				ASSETCATALOG_COMPILER_GLOBAL_ACCENT_COLOR_NAME = AccentColor;
				CODE_SIGN_STYLE = Automatic;
				CURRENT_PROJECT_VERSION = 1;
				DEVELOPMENT_ASSET_PATHS = "\"Landmarks/Preview Content\"";
				ENABLE_PREVIEWS = YES;
				GENERATE_INFOPLIST_FILE = YES;
				INFOPLIST_KEY_UIApplicationSceneManifest_Generation = YES;
				INFOPLIST_KEY_UIApplicationSupportsIndirectInputEvents = YES;
				INFOPLIST_KEY_UILaunchScreen_Generation = YES;
				INFOPLIST_KEY_UISupportedInterfaceOrientations_iPad = "UIInterfaceOrientationPortrait UIInterfaceOrientationPortraitUpsideDown UIInterfaceOrientationLandscapeLeft UIInterfaceOrientationLandscapeRight";
				INFOPLIST_KEY_UISupportedInterfaceOrientations_iPhone = "UIInterfaceOrientationPortrait UIInterfaceOrientationLandscapeLeft UIInterfaceOrientationLandscapeRight";
				LD_RUNPATH_SEARCH_PATHS = (
					"$(inherited)",
					"@executable_path/Frameworks",
				);
				MARKETING_VERSION = 1.0;
				PRODUCT_BUNDLE_IDENTIFIER = shohitomi.Landmarks;
				PRODUCT_NAME = "$(TARGET_NAME)";
				SWIFT_EMIT_LOC_STRINGS = YES;
				SWIFT_VERSION = 5.0;
				TARGETED_DEVICE_FAMILY = "1,2";
			};
			name = Release;
		};
		CA911C902ABEF0F400392068 /* Debug */ = {
			isa = XCBuildConfiguration;
			buildSettings = {
				ALWAYS_EMBED_SWIFT_STANDARD_LIBRARIES = YES;
				BUNDLE_LOADER = "$(TEST_HOST)";
				CODE_SIGN_STYLE = Automatic;
				CURRENT_PROJECT_VERSION = 1;
				GENERATE_INFOPLIST_FILE = YES;
				IPHONEOS_DEPLOYMENT_TARGET = 17.0;
				MARKETING_VERSION = 1.0;
				PRODUCT_BUNDLE_IDENTIFIER = shohitomi.LandmarksTests;
				PRODUCT_NAME = "$(TARGET_NAME)";
				SWIFT_EMIT_LOC_STRINGS = NO;
				SWIFT_VERSION = 5.0;
				TARGETED_DEVICE_FAMILY = "1,2";
				TEST_HOST = "$(BUILT_PRODUCTS_DIR)/Landmarks.app/$(BUNDLE_EXECUTABLE_FOLDER_PATH)/Landmarks";
			};
			name = Debug;
		};
		CA911C912ABEF0F400392068 /* Release */ = {
			isa = XCBuildConfiguration;
			buildSettings = {
				ALWAYS_EMBED_SWIFT_STANDARD_LIBRARIES = YES;
				BUNDLE_LOADER = "$(TEST_HOST)";
				CODE_SIGN_STYLE = Automatic;
				CURRENT_PROJECT_VERSION = 1;
				GENERATE_INFOPLIST_FILE = YES;
				IPHONEOS_DEPLOYMENT_TARGET = 17.0;
				MARKETING_VERSION = 1.0;
				PRODUCT_BUNDLE_IDENTIFIER = shohitomi.LandmarksTests;
				PRODUCT_NAME = "$(TARGET_NAME)";
				SWIFT_EMIT_LOC_STRINGS = NO;
				SWIFT_VERSION = 5.0;
				TARGETED_DEVICE_FAMILY = "1,2";
				TEST_HOST = "$(BUILT_PRODUCTS_DIR)/Landmarks.app/$(BUNDLE_EXECUTABLE_FOLDER_PATH)/Landmarks";
			};
			name = Release;
		};
		CA911C932ABEF0F400392068 /* Debug */ = {
			isa = XCBuildConfiguration;
			buildSettings = {
				ALWAYS_EMBED_SWIFT_STANDARD_LIBRARIES = YES;
				CODE_SIGN_STYLE = Automatic;
				CURRENT_PROJECT_VERSION = 1;
				GENERATE_INFOPLIST_FILE = YES;
				MARKETING_VERSION = 1.0;
				PRODUCT_BUNDLE_IDENTIFIER = shohitomi.LandmarksUITests;
				PRODUCT_NAME = "$(TARGET_NAME)";
				SWIFT_EMIT_LOC_STRINGS = NO;
				SWIFT_VERSION = 5.0;
				TARGETED_DEVICE_FAMILY = "1,2";
				TEST_TARGET_NAME = Landmarks;
			};
			name = Debug;
		};
		CA911C942ABEF0F400392068 /* Release */ = {
			isa = XCBuildConfiguration;
			buildSettings = {
				ALWAYS_EMBED_SWIFT_STANDARD_LIBRARIES = YES;
				CODE_SIGN_STYLE = Automatic;
				CURRENT_PROJECT_VERSION = 1;
				GENERATE_INFOPLIST_FILE = YES;
				MARKETING_VERSION = 1.0;
				PRODUCT_BUNDLE_IDENTIFIER = shohitomi.LandmarksUITests;
				PRODUCT_NAME = "$(TARGET_NAME)";
				SWIFT_EMIT_LOC_STRINGS = NO;
				SWIFT_VERSION = 5.0;
				TARGETED_DEVICE_FAMILY = "1,2";
				TEST_TARGET_NAME = Landmarks;
			};
			name = Release;
		};
/* End XCBuildConfiguration section */

/* Begin XCConfigurationList section */
		CA911C632ABEF0F200392068 /* Build configuration list for PBXProject "Landmarks" */ = {
			isa = XCConfigurationList;
			buildConfigurations = (
				CA911C8A2ABEF0F400392068 /* Debug */,
				CA911C8B2ABEF0F400392068 /* Release */,
			);
			defaultConfigurationIsVisible = 0;
			defaultConfigurationName = Release;
		};
		CA911C8C2ABEF0F400392068 /* Build configuration list for PBXNativeTarget "Landmarks" */ = {
			isa = XCConfigurationList;
			buildConfigurations = (
				CA911C8D2ABEF0F400392068 /* Debug */,
				CA911C8E2ABEF0F400392068 /* Release */,
			);
			defaultConfigurationIsVisible = 0;
			defaultConfigurationName = Release;
		};
		CA911C8F2ABEF0F400392068 /* Build configuration list for PBXNativeTarget "LandmarksTests" */ = {
			isa = XCConfigurationList;
			buildConfigurations = (
				CA911C902ABEF0F400392068 /* Debug */,
				CA911C912ABEF0F400392068 /* Release */,
			);
			defaultConfigurationIsVisible = 0;
			defaultConfigurationName = Release;
		};
		CA911C922ABEF0F400392068 /* Build configuration list for PBXNativeTarget "LandmarksUITests" */ = {
			isa = XCConfigurationList;
			buildConfigurations = (
				CA911C932ABEF0F400392068 /* Debug */,
				CA911C942ABEF0F400392068 /* Release */,
			);
			defaultConfigurationIsVisible = 0;
			defaultConfigurationName = Release;
		};
/* End XCConfigurationList section */
	};
	rootObject = CA911C602ABEF0F200392068 /* Project object */;
}
